// !$*UTF8*$!
{
	archiveVersion = 1;
	classes = {
	};
	objectVersion = 55;
	objects = {

/* Begin PBXBuildFile section */
		A9C3A45E39726700CC62259B /* Pods_Circles_CirclesUITests.framework in Frameworks */ = {isa = PBXBuildFile; fileRef = 369346BEB9A9C143201F6CBF /* Pods_Circles_CirclesUITests.framework */; };
		C423A4454A622E7A3D9A5EC3 /* Pods_CirclesTests.framework in Frameworks */ = {isa = PBXBuildFile; fileRef = F17BD346B97E0806F0505F1D /* Pods_CirclesTests.framework */; };
		F5CA5EA628AB3F15002F7C12 /* AppDelegate.swift in Sources */ = {isa = PBXBuildFile; fileRef = F5CA5EA528AB3F15002F7C12 /* AppDelegate.swift */; };
		F5CA5EA828AB3F15002F7C12 /* SceneDelegate.swift in Sources */ = {isa = PBXBuildFile; fileRef = F5CA5EA728AB3F15002F7C12 /* SceneDelegate.swift */; };
		F5CA5EAA28AB3F15002F7C12 /* ViewController.swift in Sources */ = {isa = PBXBuildFile; fileRef = F5CA5EA928AB3F15002F7C12 /* ViewController.swift */; };
		F5CA5EAD28AB3F15002F7C12 /* Main.storyboard in Resources */ = {isa = PBXBuildFile; fileRef = F5CA5EAB28AB3F15002F7C12 /* Main.storyboard */; };
		F5CA5EAF28AB3F17002F7C12 /* Assets.xcassets in Resources */ = {isa = PBXBuildFile; fileRef = F5CA5EAE28AB3F17002F7C12 /* Assets.xcassets */; };
		F5CA5EB228AB3F17002F7C12 /* LaunchScreen.storyboard in Resources */ = {isa = PBXBuildFile; fileRef = F5CA5EB028AB3F17002F7C12 /* LaunchScreen.storyboard */; };
		F5CA5EBD28AB3F17002F7C12 /* CirclesTests.swift in Sources */ = {isa = PBXBuildFile; fileRef = F5CA5EBC28AB3F17002F7C12 /* CirclesTests.swift */; };
		F5CA5EC728AB3F17002F7C12 /* CirclesUITests.swift in Sources */ = {isa = PBXBuildFile; fileRef = F5CA5EC628AB3F17002F7C12 /* CirclesUITests.swift */; };
		F5CA5EC928AB3F17002F7C12 /* CirclesUITestsLaunchTests.swift in Sources */ = {isa = PBXBuildFile; fileRef = F5CA5EC828AB3F17002F7C12 /* CirclesUITestsLaunchTests.swift */; };
		F5CA5ED728AB4654002F7C12 /* CometChatPro in Frameworks */ = {isa = PBXBuildFile; productRef = F5CA5ED628AB4654002F7C12 /* CometChatPro */; };
		FBFA340C15BD550D8B113C65 /* Pods_Circles.framework in Frameworks */ = {isa = PBXBuildFile; fileRef = D3E52C008F892C23B0DCF590 /* Pods_Circles.framework */; };
/* End PBXBuildFile section */

/* Begin PBXContainerItemProxy section */
		F5CA5EB928AB3F17002F7C12 /* PBXContainerItemProxy */ = {
			isa = PBXContainerItemProxy;
			containerPortal = F5CA5E9A28AB3F15002F7C12 /* Project object */;
			proxyType = 1;
			remoteGlobalIDString = F5CA5EA128AB3F15002F7C12;
			remoteInfo = Circles;
		};
		F5CA5EC328AB3F17002F7C12 /* PBXContainerItemProxy */ = {
			isa = PBXContainerItemProxy;
			containerPortal = F5CA5E9A28AB3F15002F7C12 /* Project object */;
			proxyType = 1;
			remoteGlobalIDString = F5CA5EA128AB3F15002F7C12;
			remoteInfo = Circles;
		};
/* End PBXContainerItemProxy section */

/* Begin PBXFileReference section */
		0A10ECF0A944659642F435B5 /* Pods-CirclesTests.debug.xcconfig */ = {isa = PBXFileReference; includeInIndex = 1; lastKnownFileType = text.xcconfig; name = "Pods-CirclesTests.debug.xcconfig"; path = "Target Support Files/Pods-CirclesTests/Pods-CirclesTests.debug.xcconfig"; sourceTree = "<group>"; };
		369346BEB9A9C143201F6CBF /* Pods_Circles_CirclesUITests.framework */ = {isa = PBXFileReference; explicitFileType = wrapper.framework; includeInIndex = 0; path = Pods_Circles_CirclesUITests.framework; sourceTree = BUILT_PRODUCTS_DIR; };
		7C4E22FF1FB28C3FDD75D622 /* Pods-Circles-CirclesUITests.debug.xcconfig */ = {isa = PBXFileReference; includeInIndex = 1; lastKnownFileType = text.xcconfig; name = "Pods-Circles-CirclesUITests.debug.xcconfig"; path = "Target Support Files/Pods-Circles-CirclesUITests/Pods-Circles-CirclesUITests.debug.xcconfig"; sourceTree = "<group>"; };
		8DB4260E223097DD21CC7E0C /* Pods-Circles.debug.xcconfig */ = {isa = PBXFileReference; includeInIndex = 1; lastKnownFileType = text.xcconfig; name = "Pods-Circles.debug.xcconfig"; path = "Target Support Files/Pods-Circles/Pods-Circles.debug.xcconfig"; sourceTree = "<group>"; };
		99B5EB58A4A7DCFC4A0269B8 /* Pods-CirclesTests.release.xcconfig */ = {isa = PBXFileReference; includeInIndex = 1; lastKnownFileType = text.xcconfig; name = "Pods-CirclesTests.release.xcconfig"; path = "Target Support Files/Pods-CirclesTests/Pods-CirclesTests.release.xcconfig"; sourceTree = "<group>"; };
		9D6548697C57E3796F58705F /* Pods-Circles-CirclesUITests.release.xcconfig */ = {isa = PBXFileReference; includeInIndex = 1; lastKnownFileType = text.xcconfig; name = "Pods-Circles-CirclesUITests.release.xcconfig"; path = "Target Support Files/Pods-Circles-CirclesUITests/Pods-Circles-CirclesUITests.release.xcconfig"; sourceTree = "<group>"; };
		A1A366F129BC1B8EA37A1F8C /* Pods-Circles.release.xcconfig */ = {isa = PBXFileReference; includeInIndex = 1; lastKnownFileType = text.xcconfig; name = "Pods-Circles.release.xcconfig"; path = "Target Support Files/Pods-Circles/Pods-Circles.release.xcconfig"; sourceTree = "<group>"; };
		D3E52C008F892C23B0DCF590 /* Pods_Circles.framework */ = {isa = PBXFileReference; explicitFileType = wrapper.framework; includeInIndex = 0; path = Pods_Circles.framework; sourceTree = BUILT_PRODUCTS_DIR; };
		F17BD346B97E0806F0505F1D /* Pods_CirclesTests.framework */ = {isa = PBXFileReference; explicitFileType = wrapper.framework; includeInIndex = 0; path = Pods_CirclesTests.framework; sourceTree = BUILT_PRODUCTS_DIR; };
		F5CA5EA228AB3F15002F7C12 /* Circles.app */ = {isa = PBXFileReference; explicitFileType = wrapper.application; includeInIndex = 0; path = Circles.app; sourceTree = BUILT_PRODUCTS_DIR; };
		F5CA5EA528AB3F15002F7C12 /* AppDelegate.swift */ = {isa = PBXFileReference; lastKnownFileType = sourcecode.swift; path = AppDelegate.swift; sourceTree = "<group>"; };
		F5CA5EA728AB3F15002F7C12 /* SceneDelegate.swift */ = {isa = PBXFileReference; lastKnownFileType = sourcecode.swift; path = SceneDelegate.swift; sourceTree = "<group>"; };
		F5CA5EA928AB3F15002F7C12 /* ViewController.swift */ = {isa = PBXFileReference; lastKnownFileType = sourcecode.swift; path = ViewController.swift; sourceTree = "<group>"; };
		F5CA5EAC28AB3F15002F7C12 /* Base */ = {isa = PBXFileReference; lastKnownFileType = file.storyboard; name = Base; path = Base.lproj/Main.storyboard; sourceTree = "<group>"; };
		F5CA5EAE28AB3F17002F7C12 /* Assets.xcassets */ = {isa = PBXFileReference; lastKnownFileType = folder.assetcatalog; path = Assets.xcassets; sourceTree = "<group>"; };
		F5CA5EB128AB3F17002F7C12 /* Base */ = {isa = PBXFileReference; lastKnownFileType = file.storyboard; name = Base; path = Base.lproj/LaunchScreen.storyboard; sourceTree = "<group>"; };
		F5CA5EB328AB3F17002F7C12 /* Info.plist */ = {isa = PBXFileReference; lastKnownFileType = text.plist.xml; path = Info.plist; sourceTree = "<group>"; };
		F5CA5EB828AB3F17002F7C12 /* CirclesTests.xctest */ = {isa = PBXFileReference; explicitFileType = wrapper.cfbundle; includeInIndex = 0; path = CirclesTests.xctest; sourceTree = BUILT_PRODUCTS_DIR; };
		F5CA5EBC28AB3F17002F7C12 /* CirclesTests.swift */ = {isa = PBXFileReference; lastKnownFileType = sourcecode.swift; path = CirclesTests.swift; sourceTree = "<group>"; };
		F5CA5EC228AB3F17002F7C12 /* CirclesUITests.xctest */ = {isa = PBXFileReference; explicitFileType = wrapper.cfbundle; includeInIndex = 0; path = CirclesUITests.xctest; sourceTree = BUILT_PRODUCTS_DIR; };
		F5CA5EC628AB3F17002F7C12 /* CirclesUITests.swift */ = {isa = PBXFileReference; lastKnownFileType = sourcecode.swift; path = CirclesUITests.swift; sourceTree = "<group>"; };
		F5CA5EC828AB3F17002F7C12 /* CirclesUITestsLaunchTests.swift */ = {isa = PBXFileReference; lastKnownFileType = sourcecode.swift; path = CirclesUITestsLaunchTests.swift; sourceTree = "<group>"; };
/* End PBXFileReference section */

/* Begin PBXFrameworksBuildPhase section */
		F5CA5E9F28AB3F15002F7C12 /* Frameworks */ = {
			isa = PBXFrameworksBuildPhase;
			buildActionMask = 2147483647;
			files = (
				FBFA340C15BD550D8B113C65 /* Pods_Circles.framework in Frameworks */,
				F5CA5ED728AB4654002F7C12 /* CometChatPro in Frameworks */,
			);
			runOnlyForDeploymentPostprocessing = 0;
		};
		F5CA5EB528AB3F17002F7C12 /* Frameworks */ = {
			isa = PBXFrameworksBuildPhase;
			buildActionMask = 2147483647;
			files = (
				C423A4454A622E7A3D9A5EC3 /* Pods_CirclesTests.framework in Frameworks */,
			);
			runOnlyForDeploymentPostprocessing = 0;
		};
		F5CA5EBF28AB3F17002F7C12 /* Frameworks */ = {
			isa = PBXFrameworksBuildPhase;
			buildActionMask = 2147483647;
			files = (
				A9C3A45E39726700CC62259B /* Pods_Circles_CirclesUITests.framework in Frameworks */,
			);
			runOnlyForDeploymentPostprocessing = 0;
		};
/* End PBXFrameworksBuildPhase section */

/* Begin PBXGroup section */
		078A84A7FAE780AD57808343 /* Frameworks */ = {
			isa = PBXGroup;
			children = (
				D3E52C008F892C23B0DCF590 /* Pods_Circles.framework */,
				369346BEB9A9C143201F6CBF /* Pods_Circles_CirclesUITests.framework */,
				F17BD346B97E0806F0505F1D /* Pods_CirclesTests.framework */,
			);
			name = Frameworks;
			sourceTree = "<group>";
		};
		4B48AEBB3474F92E13D6698D /* Pods */ = {
			isa = PBXGroup;
			children = (
				8DB4260E223097DD21CC7E0C /* Pods-Circles.debug.xcconfig */,
				A1A366F129BC1B8EA37A1F8C /* Pods-Circles.release.xcconfig */,
				7C4E22FF1FB28C3FDD75D622 /* Pods-Circles-CirclesUITests.debug.xcconfig */,
				9D6548697C57E3796F58705F /* Pods-Circles-CirclesUITests.release.xcconfig */,
				0A10ECF0A944659642F435B5 /* Pods-CirclesTests.debug.xcconfig */,
				99B5EB58A4A7DCFC4A0269B8 /* Pods-CirclesTests.release.xcconfig */,
			);
			path = Pods;
			sourceTree = "<group>";
		};
		F5CA5E9928AB3F15002F7C12 = {
			isa = PBXGroup;
			children = (
				F5CA5EA428AB3F15002F7C12 /* Circles */,
				F5CA5EBB28AB3F17002F7C12 /* CirclesTests */,
				F5CA5EC528AB3F17002F7C12 /* CirclesUITests */,
				F5CA5EA328AB3F15002F7C12 /* Products */,
				4B48AEBB3474F92E13D6698D /* Pods */,
				078A84A7FAE780AD57808343 /* Frameworks */,
			);
			sourceTree = "<group>";
		};
		F5CA5EA328AB3F15002F7C12 /* Products */ = {
			isa = PBXGroup;
			children = (
				F5CA5EA228AB3F15002F7C12 /* Circles.app */,
				F5CA5EB828AB3F17002F7C12 /* CirclesTests.xctest */,
				F5CA5EC228AB3F17002F7C12 /* CirclesUITests.xctest */,
			);
			name = Products;
			sourceTree = "<group>";
		};
		F5CA5EA428AB3F15002F7C12 /* Circles */ = {
			isa = PBXGroup;
			children = (
				F5CA5EA528AB3F15002F7C12 /* AppDelegate.swift */,
				F5CA5EA728AB3F15002F7C12 /* SceneDelegate.swift */,
				F5CA5EA928AB3F15002F7C12 /* ViewController.swift */,
				F5CA5EAB28AB3F15002F7C12 /* Main.storyboard */,
				F5CA5EAE28AB3F17002F7C12 /* Assets.xcassets */,
				F5CA5EB028AB3F17002F7C12 /* LaunchScreen.storyboard */,
				F5CA5EB328AB3F17002F7C12 /* Info.plist */,
			);
			path = Circles;
			sourceTree = "<group>";
		};
		F5CA5EBB28AB3F17002F7C12 /* CirclesTests */ = {
			isa = PBXGroup;
			children = (
				F5CA5EBC28AB3F17002F7C12 /* CirclesTests.swift */,
			);
			path = CirclesTests;
			sourceTree = "<group>";
		};
		F5CA5EC528AB3F17002F7C12 /* CirclesUITests */ = {
			isa = PBXGroup;
			children = (
				F5CA5EC628AB3F17002F7C12 /* CirclesUITests.swift */,
				F5CA5EC828AB3F17002F7C12 /* CirclesUITestsLaunchTests.swift */,
			);
			path = CirclesUITests;
			sourceTree = "<group>";
		};
/* End PBXGroup section */

/* Begin PBXNativeTarget section */
		F5CA5EA128AB3F15002F7C12 /* Circles */ = {
			isa = PBXNativeTarget;
			buildConfigurationList = F5CA5ECC28AB3F17002F7C12 /* Build configuration list for PBXNativeTarget "Circles" */;
			buildPhases = (
				C73C1480B5F384C79DB1A1A1 /* [CP] Check Pods Manifest.lock */,
				F5CA5E9E28AB3F15002F7C12 /* Sources */,
				F5CA5E9F28AB3F15002F7C12 /* Frameworks */,
				F5CA5EA028AB3F15002F7C12 /* Resources */,
				D4C4BF72D07C6C1A474B9FA4 /* [CP] Embed Pods Frameworks */,
			);
			buildRules = (
			);
			dependencies = (
			);
			name = Circles;
			packageProductDependencies = (
				F5CA5ED628AB4654002F7C12 /* CometChatPro */,
			);
			productName = Circles;
			productReference = F5CA5EA228AB3F15002F7C12 /* Circles.app */;
			productType = "com.apple.product-type.application";
		};
		F5CA5EB728AB3F17002F7C12 /* CirclesTests */ = {
			isa = PBXNativeTarget;
			buildConfigurationList = F5CA5ECF28AB3F18002F7C12 /* Build configuration list for PBXNativeTarget "CirclesTests" */;
			buildPhases = (
				78D07E0EF706A9D34A180465 /* [CP] Check Pods Manifest.lock */,
				F5CA5EB428AB3F17002F7C12 /* Sources */,
				F5CA5EB528AB3F17002F7C12 /* Frameworks */,
				F5CA5EB628AB3F17002F7C12 /* Resources */,
			);
			buildRules = (
			);
			dependencies = (
				F5CA5EBA28AB3F17002F7C12 /* PBXTargetDependency */,
			);
			name = CirclesTests;
			productName = CirclesTests;
			productReference = F5CA5EB828AB3F17002F7C12 /* CirclesTests.xctest */;
			productType = "com.apple.product-type.bundle.unit-test";
		};
		F5CA5EC128AB3F17002F7C12 /* CirclesUITests */ = {
			isa = PBXNativeTarget;
			buildConfigurationList = F5CA5ED228AB3F18002F7C12 /* Build configuration list for PBXNativeTarget "CirclesUITests" */;
			buildPhases = (
				BA57AC99372B4DCBAA5985CB /* [CP] Check Pods Manifest.lock */,
				F5CA5EBE28AB3F17002F7C12 /* Sources */,
				F5CA5EBF28AB3F17002F7C12 /* Frameworks */,
				F5CA5EC028AB3F17002F7C12 /* Resources */,
				839D6D5E86D1895696FF53D1 /* [CP] Embed Pods Frameworks */,
			);
			buildRules = (
			);
			dependencies = (
				F5CA5EC428AB3F17002F7C12 /* PBXTargetDependency */,
			);
			name = CirclesUITests;
			productName = CirclesUITests;
			productReference = F5CA5EC228AB3F17002F7C12 /* CirclesUITests.xctest */;
			productType = "com.apple.product-type.bundle.ui-testing";
		};
/* End PBXNativeTarget section */

/* Begin PBXProject section */
		F5CA5E9A28AB3F15002F7C12 /* Project object */ = {
			isa = PBXProject;
			attributes = {
				BuildIndependentTargetsInParallel = 1;
				LastSwiftUpdateCheck = 1340;
				LastUpgradeCheck = 1340;
				TargetAttributes = {
					F5CA5EA128AB3F15002F7C12 = {
						CreatedOnToolsVersion = 13.4.1;
					};
					F5CA5EB728AB3F17002F7C12 = {
						CreatedOnToolsVersion = 13.4.1;
						TestTargetID = F5CA5EA128AB3F15002F7C12;
					};
					F5CA5EC128AB3F17002F7C12 = {
						CreatedOnToolsVersion = 13.4.1;
						TestTargetID = F5CA5EA128AB3F15002F7C12;
					};
				};
			};
			buildConfigurationList = F5CA5E9D28AB3F15002F7C12 /* Build configuration list for PBXProject "Circles" */;
			compatibilityVersion = "Xcode 13.0";
			developmentRegion = en;
			hasScannedForEncodings = 0;
			knownRegions = (
				en,
				Base,
			);
			mainGroup = F5CA5E9928AB3F15002F7C12;
			packageReferences = (
				F5CA5ED528AB4654002F7C12 /* XCRemoteSwiftPackageReference "ios-chat-sdk" */,
			);
			productRefGroup = F5CA5EA328AB3F15002F7C12 /* Products */;
			projectDirPath = "";
			projectRoot = "";
			targets = (
				F5CA5EA128AB3F15002F7C12 /* Circles */,
				F5CA5EB728AB3F17002F7C12 /* CirclesTests */,
				F5CA5EC128AB3F17002F7C12 /* CirclesUITests */,
			);
		};
/* End PBXProject section */

/* Begin PBXResourcesBuildPhase section */
		F5CA5EA028AB3F15002F7C12 /* Resources */ = {
			isa = PBXResourcesBuildPhase;
			buildActionMask = 2147483647;
			files = (
				F5CA5EB228AB3F17002F7C12 /* LaunchScreen.storyboard in Resources */,
				F5CA5EAF28AB3F17002F7C12 /* Assets.xcassets in Resources */,
				F5CA5EAD28AB3F15002F7C12 /* Main.storyboard in Resources */,
			);
			runOnlyForDeploymentPostprocessing = 0;
		};
		F5CA5EB628AB3F17002F7C12 /* Resources */ = {
			isa = PBXResourcesBuildPhase;
			buildActionMask = 2147483647;
			files = (
			);
			runOnlyForDeploymentPostprocessing = 0;
		};
		F5CA5EC028AB3F17002F7C12 /* Resources */ = {
			isa = PBXResourcesBuildPhase;
			buildActionMask = 2147483647;
			files = (
			);
			runOnlyForDeploymentPostprocessing = 0;
		};
/* End PBXResourcesBuildPhase section */

/* Begin PBXShellScriptBuildPhase section */
		78D07E0EF706A9D34A180465 /* [CP] Check Pods Manifest.lock */ = {
			isa = PBXShellScriptBuildPhase;
			buildActionMask = 2147483647;
			files = (
			);
			inputFileListPaths = (
			);
			inputPaths = (
				"${PODS_PODFILE_DIR_PATH}/Podfile.lock",
				"${PODS_ROOT}/Manifest.lock",
			);
			name = "[CP] Check Pods Manifest.lock";
			outputFileListPaths = (
			);
			outputPaths = (
				"$(DERIVED_FILE_DIR)/Pods-CirclesTests-checkManifestLockResult.txt",
			);
			runOnlyForDeploymentPostprocessing = 0;
			shellPath = /bin/sh;
			shellScript = "diff \"${PODS_PODFILE_DIR_PATH}/Podfile.lock\" \"${PODS_ROOT}/Manifest.lock\" > /dev/null\nif [ $? != 0 ] ; then\n    # print error to STDERR\n    echo \"error: The sandbox is not in sync with the Podfile.lock. Run 'pod install' or update your CocoaPods installation.\" >&2\n    exit 1\nfi\n# This output is used by Xcode 'outputs' to avoid re-running this script phase.\necho \"SUCCESS\" > \"${SCRIPT_OUTPUT_FILE_0}\"\n";
			showEnvVarsInLog = 0;
		};
		839D6D5E86D1895696FF53D1 /* [CP] Embed Pods Frameworks */ = {
			isa = PBXShellScriptBuildPhase;
			buildActionMask = 2147483647;
			files = (
			);
			inputFileListPaths = (
				"${PODS_ROOT}/Target Support Files/Pods-Circles-CirclesUITests/Pods-Circles-CirclesUITests-frameworks-${CONFIGURATION}-input-files.xcfilelist",
			);
			name = "[CP] Embed Pods Frameworks";
			outputFileListPaths = (
				"${PODS_ROOT}/Target Support Files/Pods-Circles-CirclesUITests/Pods-Circles-CirclesUITests-frameworks-${CONFIGURATION}-output-files.xcfilelist",
			);
			runOnlyForDeploymentPostprocessing = 0;
			shellPath = /bin/sh;
			shellScript = "\"${PODS_ROOT}/Target Support Files/Pods-Circles-CirclesUITests/Pods-Circles-CirclesUITests-frameworks.sh\"\n";
			showEnvVarsInLog = 0;
		};
		BA57AC99372B4DCBAA5985CB /* [CP] Check Pods Manifest.lock */ = {
			isa = PBXShellScriptBuildPhase;
			buildActionMask = 2147483647;
			files = (
			);
			inputFileListPaths = (
			);
			inputPaths = (
				"${PODS_PODFILE_DIR_PATH}/Podfile.lock",
				"${PODS_ROOT}/Manifest.lock",
			);
			name = "[CP] Check Pods Manifest.lock";
			outputFileListPaths = (
			);
			outputPaths = (
				"$(DERIVED_FILE_DIR)/Pods-Circles-CirclesUITests-checkManifestLockResult.txt",
			);
			runOnlyForDeploymentPostprocessing = 0;
			shellPath = /bin/sh;
			shellScript = "diff \"${PODS_PODFILE_DIR_PATH}/Podfile.lock\" \"${PODS_ROOT}/Manifest.lock\" > /dev/null\nif [ $? != 0 ] ; then\n    # print error to STDERR\n    echo \"error: The sandbox is not in sync with the Podfile.lock. Run 'pod install' or update your CocoaPods installation.\" >&2\n    exit 1\nfi\n# This output is used by Xcode 'outputs' to avoid re-running this script phase.\necho \"SUCCESS\" > \"${SCRIPT_OUTPUT_FILE_0}\"\n";
			showEnvVarsInLog = 0;
		};
		C73C1480B5F384C79DB1A1A1 /* [CP] Check Pods Manifest.lock */ = {
			isa = PBXShellScriptBuildPhase;
			buildActionMask = 2147483647;
			files = (
			);
			inputFileListPaths = (
			);
			inputPaths = (
				"${PODS_PODFILE_DIR_PATH}/Podfile.lock",
				"${PODS_ROOT}/Manifest.lock",
			);
			name = "[CP] Check Pods Manifest.lock";
			outputFileListPaths = (
			);
			outputPaths = (
				"$(DERIVED_FILE_DIR)/Pods-Circles-checkManifestLockResult.txt",
			);
			runOnlyForDeploymentPostprocessing = 0;
			shellPath = /bin/sh;
			shellScript = "diff \"${PODS_PODFILE_DIR_PATH}/Podfile.lock\" \"${PODS_ROOT}/Manifest.lock\" > /dev/null\nif [ $? != 0 ] ; then\n    # print error to STDERR\n    echo \"error: The sandbox is not in sync with the Podfile.lock. Run 'pod install' or update your CocoaPods installation.\" >&2\n    exit 1\nfi\n# This output is used by Xcode 'outputs' to avoid re-running this script phase.\necho \"SUCCESS\" > \"${SCRIPT_OUTPUT_FILE_0}\"\n";
			showEnvVarsInLog = 0;
		};
		D4C4BF72D07C6C1A474B9FA4 /* [CP] Embed Pods Frameworks */ = {
			isa = PBXShellScriptBuildPhase;
			buildActionMask = 2147483647;
			files = (
			);
			inputFileListPaths = (
				"${PODS_ROOT}/Target Support Files/Pods-Circles/Pods-Circles-frameworks-${CONFIGURATION}-input-files.xcfilelist",
			);
			name = "[CP] Embed Pods Frameworks";
			outputFileListPaths = (
				"${PODS_ROOT}/Target Support Files/Pods-Circles/Pods-Circles-frameworks-${CONFIGURATION}-output-files.xcfilelist",
			);
			runOnlyForDeploymentPostprocessing = 0;
			shellPath = /bin/sh;
			shellScript = "\"${PODS_ROOT}/Target Support Files/Pods-Circles/Pods-Circles-frameworks.sh\"\n";
			showEnvVarsInLog = 0;
		};
/* End PBXShellScriptBuildPhase section */

/* Begin PBXSourcesBuildPhase section */
		F5CA5E9E28AB3F15002F7C12 /* Sources */ = {
			isa = PBXSourcesBuildPhase;
			buildActionMask = 2147483647;
			files = (
				F5CA5EAA28AB3F15002F7C12 /* ViewController.swift in Sources */,
				F5CA5EA628AB3F15002F7C12 /* AppDelegate.swift in Sources */,
				F5CA5EA828AB3F15002F7C12 /* SceneDelegate.swift in Sources */,
			);
			runOnlyForDeploymentPostprocessing = 0;
		};
		F5CA5EB428AB3F17002F7C12 /* Sources */ = {
			isa = PBXSourcesBuildPhase;
			buildActionMask = 2147483647;
			files = (
				F5CA5EBD28AB3F17002F7C12 /* CirclesTests.swift in Sources */,
			);
			runOnlyForDeploymentPostprocessing = 0;
		};
		F5CA5EBE28AB3F17002F7C12 /* Sources */ = {
			isa = PBXSourcesBuildPhase;
			buildActionMask = 2147483647;
			files = (
				F5CA5EC928AB3F17002F7C12 /* CirclesUITestsLaunchTests.swift in Sources */,
				F5CA5EC728AB3F17002F7C12 /* CirclesUITests.swift in Sources */,
			);
			runOnlyForDeploymentPostprocessing = 0;
		};
/* End PBXSourcesBuildPhase section */

/* Begin PBXTargetDependency section */
		F5CA5EBA28AB3F17002F7C12 /* PBXTargetDependency */ = {
			isa = PBXTargetDependency;
			target = F5CA5EA128AB3F15002F7C12 /* Circles */;
			targetProxy = F5CA5EB928AB3F17002F7C12 /* PBXContainerItemProxy */;
		};
		F5CA5EC428AB3F17002F7C12 /* PBXTargetDependency */ = {
			isa = PBXTargetDependency;
			target = F5CA5EA128AB3F15002F7C12 /* Circles */;
			targetProxy = F5CA5EC328AB3F17002F7C12 /* PBXContainerItemProxy */;
		};
/* End PBXTargetDependency section */

/* Begin PBXVariantGroup section */
		F5CA5EAB28AB3F15002F7C12 /* Main.storyboard */ = {
			isa = PBXVariantGroup;
			children = (
				F5CA5EAC28AB3F15002F7C12 /* Base */,
			);
			name = Main.storyboard;
			sourceTree = "<group>";
		};
		F5CA5EB028AB3F17002F7C12 /* LaunchScreen.storyboard */ = {
			isa = PBXVariantGroup;
			children = (
				F5CA5EB128AB3F17002F7C12 /* Base */,
			);
			name = LaunchScreen.storyboard;
			sourceTree = "<group>";
		};
/* End PBXVariantGroup section */

/* Begin XCBuildConfiguration section */
		F5CA5ECA28AB3F17002F7C12 /* Debug */ = {
			isa = XCBuildConfiguration;
			buildSettings = {
				ALWAYS_SEARCH_USER_PATHS = NO;
				CLANG_ANALYZER_NONNULL = YES;
				CLANG_ANALYZER_NUMBER_OBJECT_CONVERSION = YES_AGGRESSIVE;
				CLANG_CXX_LANGUAGE_STANDARD = "gnu++17";
				CLANG_ENABLE_MODULES = YES;
				CLANG_ENABLE_OBJC_ARC = YES;
				CLANG_ENABLE_OBJC_WEAK = YES;
				CLANG_WARN_BLOCK_CAPTURE_AUTORELEASING = YES;
				CLANG_WARN_BOOL_CONVERSION = YES;
				CLANG_WARN_COMMA = YES;
				CLANG_WARN_CONSTANT_CONVERSION = YES;
				CLANG_WARN_DEPRECATED_OBJC_IMPLEMENTATIONS = YES;
				CLANG_WARN_DIRECT_OBJC_ISA_USAGE = YES_ERROR;
				CLANG_WARN_DOCUMENTATION_COMMENTS = YES;
				CLANG_WARN_EMPTY_BODY = YES;
				CLANG_WARN_ENUM_CONVERSION = YES;
				CLANG_WARN_INFINITE_RECURSION = YES;
				CLANG_WARN_INT_CONVERSION = YES;
				CLANG_WARN_NON_LITERAL_NULL_CONVERSION = YES;
				CLANG_WARN_OBJC_IMPLICIT_RETAIN_SELF = YES;
				CLANG_WARN_OBJC_LITERAL_CONVERSION = YES;
				CLANG_WARN_OBJC_ROOT_CLASS = YES_ERROR;
				CLANG_WARN_QUOTED_INCLUDE_IN_FRAMEWORK_HEADER = YES;
				CLANG_WARN_RANGE_LOOP_ANALYSIS = YES;
				CLANG_WARN_STRICT_PROTOTYPES = YES;
				CLANG_WARN_SUSPICIOUS_MOVE = YES;
				CLANG_WARN_UNGUARDED_AVAILABILITY = YES_AGGRESSIVE;
				CLANG_WARN_UNREACHABLE_CODE = YES;
				CLANG_WARN__DUPLICATE_METHOD_MATCH = YES;
				COPY_PHASE_STRIP = NO;
				DEBUG_INFORMATION_FORMAT = dwarf;
				ENABLE_STRICT_OBJC_MSGSEND = YES;
				ENABLE_TESTABILITY = YES;
				GCC_C_LANGUAGE_STANDARD = gnu11;
				GCC_DYNAMIC_NO_PIC = NO;
				GCC_NO_COMMON_BLOCKS = YES;
				GCC_OPTIMIZATION_LEVEL = 0;
				GCC_PREPROCESSOR_DEFINITIONS = (
					"DEBUG=1",
					"$(inherited)",
				);
				GCC_WARN_64_TO_32_BIT_CONVERSION = YES;
				GCC_WARN_ABOUT_RETURN_TYPE = YES_ERROR;
				GCC_WARN_UNDECLARED_SELECTOR = YES;
				GCC_WARN_UNINITIALIZED_AUTOS = YES_AGGRESSIVE;
				GCC_WARN_UNUSED_FUNCTION = YES;
				GCC_WARN_UNUSED_VARIABLE = YES;
				IPHONEOS_DEPLOYMENT_TARGET = 13.0;
				MTL_ENABLE_DEBUG_INFO = INCLUDE_SOURCE;
				MTL_FAST_MATH = YES;
				ONLY_ACTIVE_ARCH = YES;
				SDKROOT = iphoneos;
				SWIFT_ACTIVE_COMPILATION_CONDITIONS = DEBUG;
				SWIFT_OPTIMIZATION_LEVEL = "-Onone";
			};
			name = Debug;
		};
		F5CA5ECB28AB3F17002F7C12 /* Release */ = {
			isa = XCBuildConfiguration;
			buildSettings = {
				ALWAYS_SEARCH_USER_PATHS = NO;
				CLANG_ANALYZER_NONNULL = YES;
				CLANG_ANALYZER_NUMBER_OBJECT_CONVERSION = YES_AGGRESSIVE;
				CLANG_CXX_LANGUAGE_STANDARD = "gnu++17";
				CLANG_ENABLE_MODULES = YES;
				CLANG_ENABLE_OBJC_ARC = YES;
				CLANG_ENABLE_OBJC_WEAK = YES;
				CLANG_WARN_BLOCK_CAPTURE_AUTORELEASING = YES;
				CLANG_WARN_BOOL_CONVERSION = YES;
				CLANG_WARN_COMMA = YES;
				CLANG_WARN_CONSTANT_CONVERSION = YES;
				CLANG_WARN_DEPRECATED_OBJC_IMPLEMENTATIONS = YES;
				CLANG_WARN_DIRECT_OBJC_ISA_USAGE = YES_ERROR;
				CLANG_WARN_DOCUMENTATION_COMMENTS = YES;
				CLANG_WARN_EMPTY_BODY = YES;
				CLANG_WARN_ENUM_CONVERSION = YES;
				CLANG_WARN_INFINITE_RECURSION = YES;
				CLANG_WARN_INT_CONVERSION = YES;
				CLANG_WARN_NON_LITERAL_NULL_CONVERSION = YES;
				CLANG_WARN_OBJC_IMPLICIT_RETAIN_SELF = YES;
				CLANG_WARN_OBJC_LITERAL_CONVERSION = YES;
				CLANG_WARN_OBJC_ROOT_CLASS = YES_ERROR;
				CLANG_WARN_QUOTED_INCLUDE_IN_FRAMEWORK_HEADER = YES;
				CLANG_WARN_RANGE_LOOP_ANALYSIS = YES;
				CLANG_WARN_STRICT_PROTOTYPES = YES;
				CLANG_WARN_SUSPICIOUS_MOVE = YES;
				CLANG_WARN_UNGUARDED_AVAILABILITY = YES_AGGRESSIVE;
				CLANG_WARN_UNREACHABLE_CODE = YES;
				CLANG_WARN__DUPLICATE_METHOD_MATCH = YES;
				COPY_PHASE_STRIP = NO;
				DEBUG_INFORMATION_FORMAT = "dwarf-with-dsym";
				ENABLE_NS_ASSERTIONS = NO;
				ENABLE_STRICT_OBJC_MSGSEND = YES;
				GCC_C_LANGUAGE_STANDARD = gnu11;
				GCC_NO_COMMON_BLOCKS = YES;
				GCC_WARN_64_TO_32_BIT_CONVERSION = YES;
				GCC_WARN_ABOUT_RETURN_TYPE = YES_ERROR;
				GCC_WARN_UNDECLARED_SELECTOR = YES;
				GCC_WARN_UNINITIALIZED_AUTOS = YES_AGGRESSIVE;
				GCC_WARN_UNUSED_FUNCTION = YES;
				GCC_WARN_UNUSED_VARIABLE = YES;
				IPHONEOS_DEPLOYMENT_TARGET = 13.0;
				MTL_ENABLE_DEBUG_INFO = NO;
				MTL_FAST_MATH = YES;
				SDKROOT = iphoneos;
				SWIFT_COMPILATION_MODE = wholemodule;
				SWIFT_OPTIMIZATION_LEVEL = "-O";
				VALIDATE_PRODUCT = YES;
			};
			name = Release;
		};
		F5CA5ECD28AB3F17002F7C12 /* Debug */ = {
			isa = XCBuildConfiguration;
			baseConfigurationReference = 8DB4260E223097DD21CC7E0C /* Pods-Circles.debug.xcconfig */;
			buildSettings = {
				ALWAYS_EMBED_SWIFT_STANDARD_LIBRARIES = YES;
				ASSETCATALOG_COMPILER_APPICON_NAME = AppIcon;
				ASSETCATALOG_COMPILER_GLOBAL_ACCENT_COLOR_NAME = AccentColor;
				CODE_SIGN_STYLE = Automatic;
				CURRENT_PROJECT_VERSION = 1;
				DEVELOPMENT_TEAM = SYH76T8D2F;
				GENERATE_INFOPLIST_FILE = YES;
				INFOPLIST_FILE = Circles/Info.plist;
				INFOPLIST_KEY_NSCameraUsageDescription = "";
				INFOPLIST_KEY_NSLocationWhenInUseUsageDescription = "";
				INFOPLIST_KEY_NSMicrophoneUsageDescription = "";
				INFOPLIST_KEY_NSPhotoLibraryUsageDescription = "";
				INFOPLIST_KEY_UIApplicationSupportsIndirectInputEvents = YES;
				INFOPLIST_KEY_UILaunchStoryboardName = LaunchScreen;
				INFOPLIST_KEY_UIMainStoryboardFile = Main;
				INFOPLIST_KEY_UISupportedInterfaceOrientations_iPad = "UIInterfaceOrientationPortrait UIInterfaceOrientationPortraitUpsideDown UIInterfaceOrientationLandscapeLeft UIInterfaceOrientationLandscapeRight";
				INFOPLIST_KEY_UISupportedInterfaceOrientations_iPhone = "UIInterfaceOrientationPortrait UIInterfaceOrientationLandscapeLeft UIInterfaceOrientationLandscapeRight";
				IPHONEOS_DEPLOYMENT_TARGET = 13.0;
				LD_RUNPATH_SEARCH_PATHS = (
					"$(inherited)",
					"@executable_path/Frameworks",
				);
				MARKETING_VERSION = 1.0;
				PRODUCT_BUNDLE_IDENTIFIER = com.byrongomezjr.Circles;
				PRODUCT_NAME = "$(TARGET_NAME)";
				SWIFT_EMIT_LOC_STRINGS = YES;
				SWIFT_VERSION = 5.0;
				TARGETED_DEVICE_FAMILY = "1,2";
			};
			name = Debug;
		};
		F5CA5ECE28AB3F17002F7C12 /* Release */ = {
			isa = XCBuildConfiguration;
			baseConfigurationReference = A1A366F129BC1B8EA37A1F8C /* Pods-Circles.release.xcconfig */;
			buildSettings = {
				ALWAYS_EMBED_SWIFT_STANDARD_LIBRARIES = YES;
				ASSETCATALOG_COMPILER_APPICON_NAME = AppIcon;
				ASSETCATALOG_COMPILER_GLOBAL_ACCENT_COLOR_NAME = AccentColor;
				CODE_SIGN_STYLE = Automatic;
				CURRENT_PROJECT_VERSION = 1;
				DEVELOPMENT_TEAM = SYH76T8D2F;
				GENERATE_INFOPLIST_FILE = YES;
				INFOPLIST_FILE = Circles/Info.plist;
				INFOPLIST_KEY_NSCameraUsageDescription = "";
				INFOPLIST_KEY_NSLocationWhenInUseUsageDescription = "";
				INFOPLIST_KEY_NSMicrophoneUsageDescription = "";
				INFOPLIST_KEY_NSPhotoLibraryUsageDescription = "";
				INFOPLIST_KEY_UIApplicationSupportsIndirectInputEvents = YES;
				INFOPLIST_KEY_UILaunchStoryboardName = LaunchScreen;
				INFOPLIST_KEY_UIMainStoryboardFile = Main;
				INFOPLIST_KEY_UISupportedInterfaceOrientations_iPad = "UIInterfaceOrientationPortrait UIInterfaceOrientationPortraitUpsideDown UIInterfaceOrientationLandscapeLeft UIInterfaceOrientationLandscapeRight";
				INFOPLIST_KEY_UISupportedInterfaceOrientations_iPhone = "UIInterfaceOrientationPortrait UIInterfaceOrientationLandscapeLeft UIInterfaceOrientationLandscapeRight";
				IPHONEOS_DEPLOYMENT_TARGET = 13.0;
				LD_RUNPATH_SEARCH_PATHS = (
					"$(inherited)",
					"@executable_path/Frameworks",
				);
				MARKETING_VERSION = 1.0;
				PRODUCT_BUNDLE_IDENTIFIER = com.byrongomezjr.Circles;
				PRODUCT_NAME = "$(TARGET_NAME)";
				SWIFT_EMIT_LOC_STRINGS = YES;
				SWIFT_VERSION = 5.0;
				TARGETED_DEVICE_FAMILY = "1,2";
			};
			name = Release;
		};
		F5CA5ED028AB3F18002F7C12 /* Debug */ = {
			isa = XCBuildConfiguration;
			baseConfigurationReference = 0A10ECF0A944659642F435B5 /* Pods-CirclesTests.debug.xcconfig */;
			buildSettings = {
				ALWAYS_EMBED_SWIFT_STANDARD_LIBRARIES = YES;
				BUNDLE_LOADER = "$(TEST_HOST)";
				CODE_SIGN_STYLE = Automatic;
				CURRENT_PROJECT_VERSION = 1;
				DEVELOPMENT_TEAM = SYH76T8D2F;
				GENERATE_INFOPLIST_FILE = YES;
				IPHONEOS_DEPLOYMENT_TARGET = 15.5;
				MARKETING_VERSION = 1.0;
				PRODUCT_BUNDLE_IDENTIFIER = com.byrongomezjr.CirclesTests;
				PRODUCT_NAME = "$(TARGET_NAME)";
				SWIFT_EMIT_LOC_STRINGS = NO;
				SWIFT_VERSION = 5.0;
				TARGETED_DEVICE_FAMILY = "1,2";
				TEST_HOST = "$(BUILT_PRODUCTS_DIR)/Circles.app/Circles";
			};
			name = Debug;
		};
		F5CA5ED128AB3F18002F7C12 /* Release */ = {
			isa = XCBuildConfiguration;
			baseConfigurationReference = 99B5EB58A4A7DCFC4A0269B8 /* Pods-CirclesTests.release.xcconfig */;
			buildSettings = {
				ALWAYS_EMBED_SWIFT_STANDARD_LIBRARIES = YES;
				BUNDLE_LOADER = "$(TEST_HOST)";
				CODE_SIGN_STYLE = Automatic;
				CURRENT_PROJECT_VERSION = 1;
				DEVELOPMENT_TEAM = SYH76T8D2F;
				GENERATE_INFOPLIST_FILE = YES;
				IPHONEOS_DEPLOYMENT_TARGET = 15.5;
				MARKETING_VERSION = 1.0;
				PRODUCT_BUNDLE_IDENTIFIER = com.byrongomezjr.CirclesTests;
				PRODUCT_NAME = "$(TARGET_NAME)";
				SWIFT_EMIT_LOC_STRINGS = NO;
				SWIFT_VERSION = 5.0;
				TARGETED_DEVICE_FAMILY = "1,2";
				TEST_HOST = "$(BUILT_PRODUCTS_DIR)/Circles.app/Circles";
			};
			name = Release;
		};
		F5CA5ED328AB3F18002F7C12 /* Debug */ = {
			isa = XCBuildConfiguration;
			baseConfigurationReference = 7C4E22FF1FB28C3FDD75D622 /* Pods-Circles-CirclesUITests.debug.xcconfig */;
			buildSettings = {
				ALWAYS_EMBED_SWIFT_STANDARD_LIBRARIES = YES;
				CODE_SIGN_STYLE = Automatic;
				CURRENT_PROJECT_VERSION = 1;
				DEVELOPMENT_TEAM = SYH76T8D2F;
				GENERATE_INFOPLIST_FILE = YES;
				MARKETING_VERSION = 1.0;
				PRODUCT_BUNDLE_IDENTIFIER = com.byrongomezjr.CirclesUITests;
				PRODUCT_NAME = "$(TARGET_NAME)";
				SWIFT_EMIT_LOC_STRINGS = NO;
				SWIFT_VERSION = 5.0;
				TARGETED_DEVICE_FAMILY = "1,2";
				TEST_TARGET_NAME = Circles;
			};
			name = Debug;
		};
		F5CA5ED428AB3F18002F7C12 /* Release */ = {
			isa = XCBuildConfiguration;
			baseConfigurationReference = 9D6548697C57E3796F58705F /* Pods-Circles-CirclesUITests.release.xcconfig */;
			buildSettings = {
				ALWAYS_EMBED_SWIFT_STANDARD_LIBRARIES = YES;
				CODE_SIGN_STYLE = Automatic;
				CURRENT_PROJECT_VERSION = 1;
				DEVELOPMENT_TEAM = SYH76T8D2F;
				GENERATE_INFOPLIST_FILE = YES;
				MARKETING_VERSION = 1.0;
				PRODUCT_BUNDLE_IDENTIFIER = com.byrongomezjr.CirclesUITests;
				PRODUCT_NAME = "$(TARGET_NAME)";
				SWIFT_EMIT_LOC_STRINGS = NO;
				SWIFT_VERSION = 5.0;
				TARGETED_DEVICE_FAMILY = "1,2";
				TEST_TARGET_NAME = Circles;
			};
			name = Release;
		};
/* End XCBuildConfiguration section */

/* Begin XCConfigurationList section */
		F5CA5E9D28AB3F15002F7C12 /* Build configuration list for PBXProject "Circles" */ = {
			isa = XCConfigurationList;
			buildConfigurations = (
				F5CA5ECA28AB3F17002F7C12 /* Debug */,
				F5CA5ECB28AB3F17002F7C12 /* Release */,
			);
			defaultConfigurationIsVisible = 0;
			defaultConfigurationName = Release;
		};
		F5CA5ECC28AB3F17002F7C12 /* Build configuration list for PBXNativeTarget "Circles" */ = {
			isa = XCConfigurationList;
			buildConfigurations = (
				F5CA5ECD28AB3F17002F7C12 /* Debug */,
				F5CA5ECE28AB3F17002F7C12 /* Release */,
			);
			defaultConfigurationIsVisible = 0;
			defaultConfigurationName = Release;
		};
		F5CA5ECF28AB3F18002F7C12 /* Build configuration list for PBXNativeTarget "CirclesTests" */ = {
			isa = XCConfigurationList;
			buildConfigurations = (
				F5CA5ED028AB3F18002F7C12 /* Debug */,
				F5CA5ED128AB3F18002F7C12 /* Release */,
			);
			defaultConfigurationIsVisible = 0;
			defaultConfigurationName = Release;
		};
		F5CA5ED228AB3F18002F7C12 /* Build configuration list for PBXNativeTarget "CirclesUITests" */ = {
			isa = XCConfigurationList;
			buildConfigurations = (
				F5CA5ED328AB3F18002F7C12 /* Debug */,
				F5CA5ED428AB3F18002F7C12 /* Release */,
			);
			defaultConfigurationIsVisible = 0;
			defaultConfigurationName = Release;
		};
/* End XCConfigurationList section */

/* Begin XCRemoteSwiftPackageReference section */
		F5CA5ED528AB4654002F7C12 /* XCRemoteSwiftPackageReference "ios-chat-sdk" */ = {
			isa = XCRemoteSwiftPackageReference;
			repositoryURL = "https://github.com/cometchat-pro/ios-chat-sdk.git";
			requirement = {
				kind = upToNextMajorVersion;
				minimumVersion = 3.0.907;
			};
		};
/* End XCRemoteSwiftPackageReference section */

/* Begin XCSwiftPackageProductDependency section */
		F5CA5ED628AB4654002F7C12 /* CometChatPro */ = {
			isa = XCSwiftPackageProductDependency;
			package = F5CA5ED528AB4654002F7C12 /* XCRemoteSwiftPackageReference "ios-chat-sdk" */;
			productName = CometChatPro;
		};
/* End XCSwiftPackageProductDependency section */
	};
	rootObject = F5CA5E9A28AB3F15002F7C12 /* Project object */;
}
